// !$*UTF8*$!
{
	archiveVersion = 1;
	classes = {
	};
	objectVersion = 56;
	objects = {

/* Begin PBXBuildFile section */
		F403D66F2C2FAACC00BC693D /* GFEmptyStateView.swift in Sources */ = {isa = PBXBuildFile; fileRef = F403D66E2C2FAACC00BC693D /* GFEmptyStateView.swift */; };
		F41C8B4D2BE5712F00C18B7F /* FollowersListVC.swift in Sources */ = {isa = PBXBuildFile; fileRef = F41C8B4C2BE5712F00C18B7F /* FollowersListVC.swift */; };
		F43509442BE8102F006452F3 /* GFTitleLabel.swift in Sources */ = {isa = PBXBuildFile; fileRef = F43509432BE8102F006452F3 /* GFTitleLabel.swift */; };
		F43509462BE83043006452F3 /* GFBodyLabel.swift in Sources */ = {isa = PBXBuildFile; fileRef = F43509452BE83043006452F3 /* GFBodyLabel.swift */; };
		F43509482BE844C4006452F3 /* GFAlertVC.swift in Sources */ = {isa = PBXBuildFile; fileRef = F43509472BE844C4006452F3 /* GFAlertVC.swift */; };
		F44322132C715858002C2A77 /* GFTabBarController.swift in Sources */ = {isa = PBXBuildFile; fileRef = F44322122C715858002C2A77 /* GFTabBarController.swift */; };
		F450F0DE2C78935B00BBBADC /* GFDataLoadingVC.swift in Sources */ = {isa = PBXBuildFile; fileRef = F450F0DD2C78935B00BBBADC /* GFDataLoadingVC.swift */; };
		F45A8F9D2C0DB48600796BF4 /* UIHelper.swift in Sources */ = {isa = PBXBuildFile; fileRef = F45A8F9C2C0DB48600796BF4 /* UIHelper.swift */; };
		F46CAEC92C46B9850014CE0B /* GFUserInfoHeaderVC.swift in Sources */ = {isa = PBXBuildFile; fileRef = F46CAEC82C46B9850014CE0B /* GFUserInfoHeaderVC.swift */; };
		F46CAECB2C46BB2D0014CE0B /* GFSecondaryTitleLabel.swift in Sources */ = {isa = PBXBuildFile; fileRef = F46CAECA2C46BB2D0014CE0B /* GFSecondaryTitleLabel.swift */; };
		F47F396B2BE1300800E7DB95 /* AppDelegate.swift in Sources */ = {isa = PBXBuildFile; fileRef = F47F396A2BE1300800E7DB95 /* AppDelegate.swift */; };
		F47F396D2BE1300800E7DB95 /* SceneDelegate.swift in Sources */ = {isa = PBXBuildFile; fileRef = F47F396C2BE1300800E7DB95 /* SceneDelegate.swift */; };
		F47F39742BE1300900E7DB95 /* Assets.xcassets in Resources */ = {isa = PBXBuildFile; fileRef = F47F39732BE1300900E7DB95 /* Assets.xcassets */; };
		F47F39772BE1300900E7DB95 /* Base in Resources */ = {isa = PBXBuildFile; fileRef = F47F39762BE1300900E7DB95 /* Base */; };
		F47F397F2BE1828E00E7DB95 /* SearchVC.swift in Sources */ = {isa = PBXBuildFile; fileRef = F47F397E2BE1828E00E7DB95 /* SearchVC.swift */; };
		F47F39812BE182FE00E7DB95 /* FavoritesListVC.swift in Sources */ = {isa = PBXBuildFile; fileRef = F47F39802BE182FE00E7DB95 /* FavoritesListVC.swift */; };
		F48D7D2C2BF092EA00ED63F2 /* NetworkManager.swift in Sources */ = {isa = PBXBuildFile; fileRef = F48D7D2B2BF092EA00ED63F2 /* NetworkManager.swift */; };
		F494038F2BEEC02300F56DF7 /* UIViewController+EXT.swift in Sources */ = {isa = PBXBuildFile; fileRef = F494038E2BEEC02300F56DF7 /* UIViewController+EXT.swift */; };
		F49403952BEED27400F56DF7 /* GFContainerView.swift in Sources */ = {isa = PBXBuildFile; fileRef = F49403942BEED27400F56DF7 /* GFContainerView.swift */; };
		F49BB6C92BE2BFD9005C371D /* GFButton.swift in Sources */ = {isa = PBXBuildFile; fileRef = F49BB6C82BE2BFD9005C371D /* GFButton.swift */; };
		F49BB6CB2BE33C8F005C371D /* GFTextField.swift in Sources */ = {isa = PBXBuildFile; fileRef = F49BB6CA2BE33C8F005C371D /* GFTextField.swift */; };
		F4BFD3442C3BFAE0009188A7 /* UserInfoVC.swift in Sources */ = {isa = PBXBuildFile; fileRef = F4BFD3432C3BFAE0009188A7 /* UserInfoVC.swift */; };
		F4C16D822BF48A6200C7DD75 /* GFError.swift in Sources */ = {isa = PBXBuildFile; fileRef = F4C16D812BF48A6200C7DD75 /* GFError.swift */; };
		F4D24FB12C5D5A1600A48007 /* GFItemInfoVC.swift in Sources */ = {isa = PBXBuildFile; fileRef = F4D24FB02C5D5A1600A48007 /* GFItemInfoVC.swift */; };
		F4D24FB42C6178FF00A48007 /* GFRepoItemVC.swift in Sources */ = {isa = PBXBuildFile; fileRef = F4D24FB32C6178FF00A48007 /* GFRepoItemVC.swift */; };
		F4D24FB62C617DE000A48007 /* GFFollowerItemVC.swift in Sources */ = {isa = PBXBuildFile; fileRef = F4D24FB52C617DE000A48007 /* GFFollowerItemVC.swift */; };
		F4D24FB82C620B3100A48007 /* String+Ext.swift in Sources */ = {isa = PBXBuildFile; fileRef = F4D24FB72C620B3100A48007 /* String+Ext.swift */; };
		F4D24FBA2C620FA900A48007 /* Date+Ext.swift in Sources */ = {isa = PBXBuildFile; fileRef = F4D24FB92C620FA900A48007 /* Date+Ext.swift */; };
		F4D2D0A12BF041D400D1D7A1 /* Follower.swift in Sources */ = {isa = PBXBuildFile; fileRef = F4D2D0A02BF041D400D1D7A1 /* Follower.swift */; };
		F4D2D0A32BF0431A00D1D7A1 /* User.swift in Sources */ = {isa = PBXBuildFile; fileRef = F4D2D0A22BF0431A00D1D7A1 /* User.swift */; };
		F4D576DA2BF85B84004383E1 /* FollowerCell.swift in Sources */ = {isa = PBXBuildFile; fileRef = F4D576D92BF85B83004383E1 /* FollowerCell.swift */; };
		F4D576DC2BF8B8A8004383E1 /* GFAvatarImageView.swift in Sources */ = {isa = PBXBuildFile; fileRef = F4D576DB2BF8B8A8004383E1 /* GFAvatarImageView.swift */; };
		F4DB1E472C6B272D0025DEEE /* FavoritesCell.swift in Sources */ = {isa = PBXBuildFile; fileRef = F4DB1E462C6B272D0025DEEE /* FavoritesCell.swift */; };
		F4E478F22C688C0C000D04FA /* UserDefaultsManager.swift in Sources */ = {isa = PBXBuildFile; fileRef = F4E478F12C688C0C000D04FA /* UserDefaultsManager.swift */; };
		F4F94E2E2C57D81C000B80E4 /* GFItemInfoView.swift in Sources */ = {isa = PBXBuildFile; fileRef = F4F94E2D2C57D81C000B80E4 /* GFItemInfoView.swift */; };
		F4F94E302C57DC1C000B80E4 /* Constants.swift in Sources */ = {isa = PBXBuildFile; fileRef = F4F94E2F2C57DC1C000B80E4 /* Constants.swift */; };
/* End PBXBuildFile section */

/* Begin PBXFileReference section */
		F403D66E2C2FAACC00BC693D /* GFEmptyStateView.swift */ = {isa = PBXFileReference; lastKnownFileType = sourcecode.swift; path = GFEmptyStateView.swift; sourceTree = "<group>"; };
		F41C8B4C2BE5712F00C18B7F /* FollowersListVC.swift */ = {isa = PBXFileReference; lastKnownFileType = sourcecode.swift; path = FollowersListVC.swift; sourceTree = "<group>"; };
		F43509432BE8102F006452F3 /* GFTitleLabel.swift */ = {isa = PBXFileReference; lastKnownFileType = sourcecode.swift; path = GFTitleLabel.swift; sourceTree = "<group>"; };
		F43509452BE83043006452F3 /* GFBodyLabel.swift */ = {isa = PBXFileReference; lastKnownFileType = sourcecode.swift; path = GFBodyLabel.swift; sourceTree = "<group>"; };
		F43509472BE844C4006452F3 /* GFAlertVC.swift */ = {isa = PBXFileReference; lastKnownFileType = sourcecode.swift; path = GFAlertVC.swift; sourceTree = "<group>"; };
		F44322122C715858002C2A77 /* GFTabBarController.swift */ = {isa = PBXFileReference; lastKnownFileType = sourcecode.swift; path = GFTabBarController.swift; sourceTree = "<group>"; };
		F450F0DD2C78935B00BBBADC /* GFDataLoadingVC.swift */ = {isa = PBXFileReference; lastKnownFileType = sourcecode.swift; path = GFDataLoadingVC.swift; sourceTree = "<group>"; };
		F45A8F9C2C0DB48600796BF4 /* UIHelper.swift */ = {isa = PBXFileReference; lastKnownFileType = sourcecode.swift; path = UIHelper.swift; sourceTree = "<group>"; };
		F46CAEC82C46B9850014CE0B /* GFUserInfoHeaderVC.swift */ = {isa = PBXFileReference; lastKnownFileType = sourcecode.swift; path = GFUserInfoHeaderVC.swift; sourceTree = "<group>"; };
		F46CAECA2C46BB2D0014CE0B /* GFSecondaryTitleLabel.swift */ = {isa = PBXFileReference; lastKnownFileType = sourcecode.swift; path = GFSecondaryTitleLabel.swift; sourceTree = "<group>"; };
		F47F39672BE1300800E7DB95 /* GHFollowers.app */ = {isa = PBXFileReference; explicitFileType = wrapper.application; includeInIndex = 0; path = GHFollowers.app; sourceTree = BUILT_PRODUCTS_DIR; };
		F47F396A2BE1300800E7DB95 /* AppDelegate.swift */ = {isa = PBXFileReference; lastKnownFileType = sourcecode.swift; path = AppDelegate.swift; sourceTree = "<group>"; };
		F47F396C2BE1300800E7DB95 /* SceneDelegate.swift */ = {isa = PBXFileReference; lastKnownFileType = sourcecode.swift; path = SceneDelegate.swift; sourceTree = "<group>"; };
		F47F39732BE1300900E7DB95 /* Assets.xcassets */ = {isa = PBXFileReference; lastKnownFileType = folder.assetcatalog; path = Assets.xcassets; sourceTree = "<group>"; };
		F47F39762BE1300900E7DB95 /* Base */ = {isa = PBXFileReference; lastKnownFileType = file.storyboard; name = Base; path = Base.lproj/LaunchScreen.storyboard; sourceTree = "<group>"; };
		F47F39782BE1300900E7DB95 /* Info.plist */ = {isa = PBXFileReference; lastKnownFileType = text.plist.xml; path = Info.plist; sourceTree = "<group>"; };
		F47F397E2BE1828E00E7DB95 /* SearchVC.swift */ = {isa = PBXFileReference; lastKnownFileType = sourcecode.swift; path = SearchVC.swift; sourceTree = "<group>"; };
		F47F39802BE182FE00E7DB95 /* FavoritesListVC.swift */ = {isa = PBXFileReference; lastKnownFileType = sourcecode.swift; path = FavoritesListVC.swift; sourceTree = "<group>"; };
		F48D7D2B2BF092EA00ED63F2 /* NetworkManager.swift */ = {isa = PBXFileReference; lastKnownFileType = sourcecode.swift; path = NetworkManager.swift; sourceTree = "<group>"; };
		F494038E2BEEC02300F56DF7 /* UIViewController+EXT.swift */ = {isa = PBXFileReference; lastKnownFileType = sourcecode.swift; path = "UIViewController+EXT.swift"; sourceTree = "<group>"; };
		F49403942BEED27400F56DF7 /* GFContainerView.swift */ = {isa = PBXFileReference; lastKnownFileType = sourcecode.swift; path = GFContainerView.swift; sourceTree = "<group>"; };
		F49BB6C82BE2BFD9005C371D /* GFButton.swift */ = {isa = PBXFileReference; lastKnownFileType = sourcecode.swift; path = GFButton.swift; sourceTree = "<group>"; };
		F49BB6CA2BE33C8F005C371D /* GFTextField.swift */ = {isa = PBXFileReference; lastKnownFileType = sourcecode.swift; path = GFTextField.swift; sourceTree = "<group>"; };
		F4BFD3432C3BFAE0009188A7 /* UserInfoVC.swift */ = {isa = PBXFileReference; lastKnownFileType = sourcecode.swift; path = UserInfoVC.swift; sourceTree = "<group>"; };
		F4C16D812BF48A6200C7DD75 /* GFError.swift */ = {isa = PBXFileReference; lastKnownFileType = sourcecode.swift; path = GFError.swift; sourceTree = "<group>"; };
		F4D24FB02C5D5A1600A48007 /* GFItemInfoVC.swift */ = {isa = PBXFileReference; lastKnownFileType = sourcecode.swift; path = GFItemInfoVC.swift; sourceTree = "<group>"; };
		F4D24FB32C6178FF00A48007 /* GFRepoItemVC.swift */ = {isa = PBXFileReference; lastKnownFileType = sourcecode.swift; path = GFRepoItemVC.swift; sourceTree = "<group>"; };
		F4D24FB52C617DE000A48007 /* GFFollowerItemVC.swift */ = {isa = PBXFileReference; lastKnownFileType = sourcecode.swift; path = GFFollowerItemVC.swift; sourceTree = "<group>"; };
		F4D24FB72C620B3100A48007 /* String+Ext.swift */ = {isa = PBXFileReference; lastKnownFileType = sourcecode.swift; path = "String+Ext.swift"; sourceTree = "<group>"; };
		F4D24FB92C620FA900A48007 /* Date+Ext.swift */ = {isa = PBXFileReference; lastKnownFileType = sourcecode.swift; path = "Date+Ext.swift"; sourceTree = "<group>"; };
		F4D2D0A02BF041D400D1D7A1 /* Follower.swift */ = {isa = PBXFileReference; lastKnownFileType = sourcecode.swift; path = Follower.swift; sourceTree = "<group>"; };
		F4D2D0A22BF0431A00D1D7A1 /* User.swift */ = {isa = PBXFileReference; lastKnownFileType = sourcecode.swift; path = User.swift; sourceTree = "<group>"; };
		F4D576D92BF85B83004383E1 /* FollowerCell.swift */ = {isa = PBXFileReference; lastKnownFileType = sourcecode.swift; path = FollowerCell.swift; sourceTree = "<group>"; };
		F4D576DB2BF8B8A8004383E1 /* GFAvatarImageView.swift */ = {isa = PBXFileReference; lastKnownFileType = sourcecode.swift; path = GFAvatarImageView.swift; sourceTree = "<group>"; };
		F4DB1E462C6B272D0025DEEE /* FavoritesCell.swift */ = {isa = PBXFileReference; lastKnownFileType = sourcecode.swift; path = FavoritesCell.swift; sourceTree = "<group>"; };
		F4E478F12C688C0C000D04FA /* UserDefaultsManager.swift */ = {isa = PBXFileReference; lastKnownFileType = sourcecode.swift; path = UserDefaultsManager.swift; sourceTree = "<group>"; };
		F4F94E2D2C57D81C000B80E4 /* GFItemInfoView.swift */ = {isa = PBXFileReference; lastKnownFileType = sourcecode.swift; path = GFItemInfoView.swift; sourceTree = "<group>"; };
		F4F94E2F2C57DC1C000B80E4 /* Constants.swift */ = {isa = PBXFileReference; lastKnownFileType = sourcecode.swift; path = Constants.swift; sourceTree = "<group>"; };
/* End PBXFileReference section */

/* Begin PBXFrameworksBuildPhase section */
		F47F39642BE1300800E7DB95 /* Frameworks */ = {
			isa = PBXFrameworksBuildPhase;
			buildActionMask = 2147483647;
			files = (
			);
			runOnlyForDeploymentPostprocessing = 0;
		};
/* End PBXFrameworksBuildPhase section */

/* Begin PBXGroup section */
		F403D66B2C2FAA1900BC693D /* ImageViews */ = {
			isa = PBXGroup;
			children = (
				F4D576DB2BF8B8A8004383E1 /* GFAvatarImageView.swift */,
			);
			path = ImageViews;
			sourceTree = "<group>";
		};
		F403D66C2C2FAA3E00BC693D /* TextFields */ = {
			isa = PBXGroup;
			children = (
				F49BB6CA2BE33C8F005C371D /* GFTextField.swift */,
			);
			path = TextFields;
			sourceTree = "<group>";
		};
		F403D66D2C2FAA4D00BC693D /* CustomViews */ = {
			isa = PBXGroup;
			children = (
				F49403942BEED27400F56DF7 /* GFContainerView.swift */,
				F403D66E2C2FAACC00BC693D /* GFEmptyStateView.swift */,
				F4F94E2D2C57D81C000B80E4 /* GFItemInfoView.swift */,
			);
			path = CustomViews;
			sourceTree = "<group>";
		};
		F44322112C71577C002C2A77 /* TabBarControllers */ = {
			isa = PBXGroup;
			children = (
				F44322122C715858002C2A77 /* GFTabBarController.swift */,
			);
			path = TabBarControllers;
			sourceTree = "<group>";
		};
		F47F395E2BE1300800E7DB95 = {
			isa = PBXGroup;
			children = (
				F47F39692BE1300800E7DB95 /* GHFollowers */,
				F47F39682BE1300800E7DB95 /* Products */,
			);
			sourceTree = "<group>";
		};
		F47F39682BE1300800E7DB95 /* Products */ = {
			isa = PBXGroup;
			children = (
				F47F39672BE1300800E7DB95 /* GHFollowers.app */,
			);
			name = Products;
			sourceTree = "<group>";
		};
		F47F39692BE1300800E7DB95 /* GHFollowers */ = {
			isa = PBXGroup;
			children = (
				F4C16D802BF48A4900C7DD75 /* utils */,
				F48D7D2D2BF092F700ED63F2 /* Managers */,
				F4D2D09F2BF041C200D1D7A1 /* Models */,
				F47F39782BE1300900E7DB95 /* Info.plist */,
				F49403932BEED13500F56DF7 /* Support */,
				F49403922BEED0B500F56DF7 /* Extenstions */,
				F49403912BEED09300F56DF7 /* Views */,
				F49403902BEECE0000F56DF7 /* Controllers */,
			);
			path = GHFollowers;
			sourceTree = "<group>";
		};
		F48D7D2D2BF092F700ED63F2 /* Managers */ = {
			isa = PBXGroup;
			children = (
				F48D7D2B2BF092EA00ED63F2 /* NetworkManager.swift */,
				F4E478F12C688C0C000D04FA /* UserDefaultsManager.swift */,
			);
			path = Managers;
			sourceTree = "<group>";
		};
		F49403902BEECE0000F56DF7 /* Controllers */ = {
			isa = PBXGroup;
			children = (
				F47F397E2BE1828E00E7DB95 /* SearchVC.swift */,
				F47F39802BE182FE00E7DB95 /* FavoritesListVC.swift */,
				F41C8B4C2BE5712F00C18B7F /* FollowersListVC.swift */,
				F43509472BE844C4006452F3 /* GFAlertVC.swift */,
				F4BFD3432C3BFAE0009188A7 /* UserInfoVC.swift */,
				F46CAEC82C46B9850014CE0B /* GFUserInfoHeaderVC.swift */,
				F4D24FB02C5D5A1600A48007 /* GFItemInfoVC.swift */,
				F4D24FB32C6178FF00A48007 /* GFRepoItemVC.swift */,
				F4D24FB52C617DE000A48007 /* GFFollowerItemVC.swift */,
				F450F0DD2C78935B00BBBADC /* GFDataLoadingVC.swift */,
			);
			path = Controllers;
			sourceTree = "<group>";
		};
		F49403912BEED09300F56DF7 /* Views */ = {
			isa = PBXGroup;
			children = (
				F44322112C71577C002C2A77 /* TabBarControllers */,
				F403D66D2C2FAA4D00BC693D /* CustomViews */,
				F403D66C2C2FAA3E00BC693D /* TextFields */,
				F403D66B2C2FAA1900BC693D /* ImageViews */,
				F4FD03F22BFB8AFD00E8D29B /* Cells */,
				F4FD03F12BFB8AE800E8D29B /* Labels */,
				F4FD03F02BFB8ADB00E8D29B /* Buttons */,
			);
			path = Views;
			sourceTree = "<group>";
		};
		F49403922BEED0B500F56DF7 /* Extenstions */ = {
			isa = PBXGroup;
			children = (
				F494038E2BEEC02300F56DF7 /* UIViewController+EXT.swift */,
				F4D24FB72C620B3100A48007 /* String+Ext.swift */,
				F4D24FB92C620FA900A48007 /* Date+Ext.swift */,
			);
			path = Extenstions;
			sourceTree = "<group>";
		};
		F49403932BEED13500F56DF7 /* Support */ = {
			isa = PBXGroup;
			children = (
				F47F396A2BE1300800E7DB95 /* AppDelegate.swift */,
				F47F396C2BE1300800E7DB95 /* SceneDelegate.swift */,
				F47F39732BE1300900E7DB95 /* Assets.xcassets */,
				F47F39752BE1300900E7DB95 /* LaunchScreen.storyboard */,
			);
			path = Support;
			sourceTree = "<group>";
		};
		F4C16D802BF48A4900C7DD75 /* utils */ = {
			isa = PBXGroup;
			children = (
				F4C16D812BF48A6200C7DD75 /* GFError.swift */,
				F45A8F9C2C0DB48600796BF4 /* UIHelper.swift */,
				F4F94E2F2C57DC1C000B80E4 /* Constants.swift */,
			);
			path = utils;
			sourceTree = "<group>";
		};
		F4D2D09F2BF041C200D1D7A1 /* Models */ = {
			isa = PBXGroup;
			children = (
				F4D2D0A02BF041D400D1D7A1 /* Follower.swift */,
				F4D2D0A22BF0431A00D1D7A1 /* User.swift */,
			);
			path = Models;
			sourceTree = "<group>";
		};
		F4FD03F02BFB8ADB00E8D29B /* Buttons */ = {
			isa = PBXGroup;
			children = (
				F49BB6C82BE2BFD9005C371D /* GFButton.swift */,
			);
			path = Buttons;
			sourceTree = "<group>";
		};
		F4FD03F12BFB8AE800E8D29B /* Labels */ = {
			isa = PBXGroup;
			children = (
				F43509432BE8102F006452F3 /* GFTitleLabel.swift */,
				F43509452BE83043006452F3 /* GFBodyLabel.swift */,
				F46CAECA2C46BB2D0014CE0B /* GFSecondaryTitleLabel.swift */,
			);
			path = Labels;
			sourceTree = "<group>";
		};
		F4FD03F22BFB8AFD00E8D29B /* Cells */ = {
			isa = PBXGroup;
			children = (
				F4D576D92BF85B83004383E1 /* FollowerCell.swift */,
				F4DB1E462C6B272D0025DEEE /* FavoritesCell.swift */,
			);
			path = Cells;
			sourceTree = "<group>";
		};
/* End PBXGroup section */

/* Begin PBXNativeTarget section */
		F47F39662BE1300800E7DB95 /* GHFollowers */ = {
			isa = PBXNativeTarget;
			buildConfigurationList = F47F397B2BE1300900E7DB95 /* Build configuration list for PBXNativeTarget "GHFollowers" */;
			buildPhases = (
				F47F39632BE1300800E7DB95 /* Sources */,
				F47F39642BE1300800E7DB95 /* Frameworks */,
				F47F39652BE1300800E7DB95 /* Resources */,
			);
			buildRules = (
			);
			dependencies = (
			);
			name = GHFollowers;
			productName = GHFollowers;
			productReference = F47F39672BE1300800E7DB95 /* GHFollowers.app */;
			productType = "com.apple.product-type.application";
		};
/* End PBXNativeTarget section */

/* Begin PBXProject section */
		F47F395F2BE1300800E7DB95 /* Project object */ = {
			isa = PBXProject;
			attributes = {
				BuildIndependentTargetsInParallel = 1;
				LastSwiftUpdateCheck = 1530;
				LastUpgradeCheck = 1530;
				TargetAttributes = {
					F47F39662BE1300800E7DB95 = {
						CreatedOnToolsVersion = 15.3;
					};
				};
			};
			buildConfigurationList = F47F39622BE1300800E7DB95 /* Build configuration list for PBXProject "GHFollowers" */;
			compatibilityVersion = "Xcode 14.0";
			developmentRegion = en;
			hasScannedForEncodings = 0;
			knownRegions = (
				en,
				Base,
			);
			mainGroup = F47F395E2BE1300800E7DB95;
			productRefGroup = F47F39682BE1300800E7DB95 /* Products */;
			projectDirPath = "";
			projectRoot = "";
			targets = (
				F47F39662BE1300800E7DB95 /* GHFollowers */,
			);
		};
/* End PBXProject section */

/* Begin PBXResourcesBuildPhase section */
		F47F39652BE1300800E7DB95 /* Resources */ = {
			isa = PBXResourcesBuildPhase;
			buildActionMask = 2147483647;
			files = (
				F47F39742BE1300900E7DB95 /* Assets.xcassets in Resources */,
				F47F39772BE1300900E7DB95 /* Base in Resources */,
			);
			runOnlyForDeploymentPostprocessing = 0;
		};
/* End PBXResourcesBuildPhase section */

/* Begin PBXSourcesBuildPhase section */
		F47F39632BE1300800E7DB95 /* Sources */ = {
			isa = PBXSourcesBuildPhase;
			buildActionMask = 2147483647;
			files = (
				F4C16D822BF48A6200C7DD75 /* GFError.swift in Sources */,
				F4DB1E472C6B272D0025DEEE /* FavoritesCell.swift in Sources */,
				F49BB6CB2BE33C8F005C371D /* GFTextField.swift in Sources */,
				F41C8B4D2BE5712F00C18B7F /* FollowersListVC.swift in Sources */,
				F46CAEC92C46B9850014CE0B /* GFUserInfoHeaderVC.swift in Sources */,
				F4E478F22C688C0C000D04FA /* UserDefaultsManager.swift in Sources */,
				F450F0DE2C78935B00BBBADC /* GFDataLoadingVC.swift in Sources */,
				F47F39812BE182FE00E7DB95 /* FavoritesListVC.swift in Sources */,
				F49BB6C92BE2BFD9005C371D /* GFButton.swift in Sources */,
				F403D66F2C2FAACC00BC693D /* GFEmptyStateView.swift in Sources */,
				F46CAECB2C46BB2D0014CE0B /* GFSecondaryTitleLabel.swift in Sources */,
				F43509482BE844C4006452F3 /* GFAlertVC.swift in Sources */,
				F4D24FBA2C620FA900A48007 /* Date+Ext.swift in Sources */,
				F43509462BE83043006452F3 /* GFBodyLabel.swift in Sources */,
				F4F94E2E2C57D81C000B80E4 /* GFItemInfoView.swift in Sources */,
				F4D576DA2BF85B84004383E1 /* FollowerCell.swift in Sources */,
				F4D24FB42C6178FF00A48007 /* GFRepoItemVC.swift in Sources */,
				F4D2D0A32BF0431A00D1D7A1 /* User.swift in Sources */,
				F43509442BE8102F006452F3 /* GFTitleLabel.swift in Sources */,
				F4BFD3442C3BFAE0009188A7 /* UserInfoVC.swift in Sources */,
				F494038F2BEEC02300F56DF7 /* UIViewController+EXT.swift in Sources */,
				F47F397F2BE1828E00E7DB95 /* SearchVC.swift in Sources */,
				F47F396B2BE1300800E7DB95 /* AppDelegate.swift in Sources */,
				F4D24FB12C5D5A1600A48007 /* GFItemInfoVC.swift in Sources */,
				F4D24FB62C617DE000A48007 /* GFFollowerItemVC.swift in Sources */,
				F4D2D0A12BF041D400D1D7A1 /* Follower.swift in Sources */,
				F48D7D2C2BF092EA00ED63F2 /* NetworkManager.swift in Sources */,
				F4D24FB82C620B3100A48007 /* String+Ext.swift in Sources */,
				F45A8F9D2C0DB48600796BF4 /* UIHelper.swift in Sources */,
				F47F396D2BE1300800E7DB95 /* SceneDelegate.swift in Sources */,
				F49403952BEED27400F56DF7 /* GFContainerView.swift in Sources */,
				F4F94E302C57DC1C000B80E4 /* Constants.swift in Sources */,
				F4D576DC2BF8B8A8004383E1 /* GFAvatarImageView.swift in Sources */,
				F44322132C715858002C2A77 /* GFTabBarController.swift in Sources */,
			);
			runOnlyForDeploymentPostprocessing = 0;
		};
/* End PBXSourcesBuildPhase section */

/* Begin PBXVariantGroup section */
		F47F39752BE1300900E7DB95 /* LaunchScreen.storyboard */ = {
			isa = PBXVariantGroup;
			children = (
				F47F39762BE1300900E7DB95 /* Base */,
			);
			name = LaunchScreen.storyboard;
			sourceTree = "<group>";
		};
/* End PBXVariantGroup section */

/* Begin XCBuildConfiguration section */
		F47F39792BE1300900E7DB95 /* Debug */ = {
			isa = XCBuildConfiguration;
			buildSettings = {
				ALWAYS_SEARCH_USER_PATHS = NO;
				ASSETCATALOG_COMPILER_GENERATE_SWIFT_ASSET_SYMBOL_EXTENSIONS = YES;
				CLANG_ANALYZER_NONNULL = YES;
				CLANG_ANALYZER_NUMBER_OBJECT_CONVERSION = YES_AGGRESSIVE;
				CLANG_CXX_LANGUAGE_STANDARD = "gnu++20";
				CLANG_ENABLE_MODULES = YES;
				CLANG_ENABLE_OBJC_ARC = YES;
				CLANG_ENABLE_OBJC_WEAK = YES;
				CLANG_WARN_BLOCK_CAPTURE_AUTORELEASING = YES;
				CLANG_WARN_BOOL_CONVERSION = YES;
				CLANG_WARN_COMMA = YES;
				CLANG_WARN_CONSTANT_CONVERSION = YES;
				CLANG_WARN_DEPRECATED_OBJC_IMPLEMENTATIONS = YES;
				CLANG_WARN_DIRECT_OBJC_ISA_USAGE = YES_ERROR;
				CLANG_WARN_DOCUMENTATION_COMMENTS = YES;
				CLANG_WARN_EMPTY_BODY = YES;
				CLANG_WARN_ENUM_CONVERSION = YES;
				CLANG_WARN_INFINITE_RECURSION = YES;
				CLANG_WARN_INT_CONVERSION = YES;
				CLANG_WARN_NON_LITERAL_NULL_CONVERSION = YES;
				CLANG_WARN_OBJC_IMPLICIT_RETAIN_SELF = YES;
				CLANG_WARN_OBJC_LITERAL_CONVERSION = YES;
				CLANG_WARN_OBJC_ROOT_CLASS = YES_ERROR;
				CLANG_WARN_QUOTED_INCLUDE_IN_FRAMEWORK_HEADER = YES;
				CLANG_WARN_RANGE_LOOP_ANALYSIS = YES;
				CLANG_WARN_STRICT_PROTOTYPES = YES;
				CLANG_WARN_SUSPICIOUS_MOVE = YES;
				CLANG_WARN_UNGUARDED_AVAILABILITY = YES_AGGRESSIVE;
				CLANG_WARN_UNREACHABLE_CODE = YES;
				CLANG_WARN__DUPLICATE_METHOD_MATCH = YES;
				COPY_PHASE_STRIP = NO;
				DEBUG_INFORMATION_FORMAT = dwarf;
				ENABLE_STRICT_OBJC_MSGSEND = YES;
				ENABLE_TESTABILITY = YES;
				ENABLE_USER_SCRIPT_SANDBOXING = YES;
				GCC_C_LANGUAGE_STANDARD = gnu17;
				GCC_DYNAMIC_NO_PIC = NO;
				GCC_NO_COMMON_BLOCKS = YES;
				GCC_OPTIMIZATION_LEVEL = 0;
				GCC_PREPROCESSOR_DEFINITIONS = (
					"DEBUG=1",
					"$(inherited)",
				);
				GCC_WARN_64_TO_32_BIT_CONVERSION = YES;
				GCC_WARN_ABOUT_RETURN_TYPE = YES_ERROR;
				GCC_WARN_UNDECLARED_SELECTOR = YES;
				GCC_WARN_UNINITIALIZED_AUTOS = YES_AGGRESSIVE;
				GCC_WARN_UNUSED_FUNCTION = YES;
				GCC_WARN_UNUSED_VARIABLE = YES;
				IPHONEOS_DEPLOYMENT_TARGET = 17.4;
				LOCALIZATION_PREFERS_STRING_CATALOGS = YES;
				MTL_ENABLE_DEBUG_INFO = INCLUDE_SOURCE;
				MTL_FAST_MATH = YES;
				ONLY_ACTIVE_ARCH = YES;
				SDKROOT = iphoneos;
				SWIFT_ACTIVE_COMPILATION_CONDITIONS = "DEBUG $(inherited)";
				SWIFT_OPTIMIZATION_LEVEL = "-Onone";
			};
			name = Debug;
		};
		F47F397A2BE1300900E7DB95 /* Release */ = {
			isa = XCBuildConfiguration;
			buildSettings = {
				ALWAYS_SEARCH_USER_PATHS = NO;
				ASSETCATALOG_COMPILER_GENERATE_SWIFT_ASSET_SYMBOL_EXTENSIONS = YES;
				CLANG_ANALYZER_NONNULL = YES;
				CLANG_ANALYZER_NUMBER_OBJECT_CONVERSION = YES_AGGRESSIVE;
				CLANG_CXX_LANGUAGE_STANDARD = "gnu++20";
				CLANG_ENABLE_MODULES = YES;
				CLANG_ENABLE_OBJC_ARC = YES;
				CLANG_ENABLE_OBJC_WEAK = YES;
				CLANG_WARN_BLOCK_CAPTURE_AUTORELEASING = YES;
				CLANG_WARN_BOOL_CONVERSION = YES;
				CLANG_WARN_COMMA = YES;
				CLANG_WARN_CONSTANT_CONVERSION = YES;
				CLANG_WARN_DEPRECATED_OBJC_IMPLEMENTATIONS = YES;
				CLANG_WARN_DIRECT_OBJC_ISA_USAGE = YES_ERROR;
				CLANG_WARN_DOCUMENTATION_COMMENTS = YES;
				CLANG_WARN_EMPTY_BODY = YES;
				CLANG_WARN_ENUM_CONVERSION = YES;
				CLANG_WARN_INFINITE_RECURSION = YES;
				CLANG_WARN_INT_CONVERSION = YES;
				CLANG_WARN_NON_LITERAL_NULL_CONVERSION = YES;
				CLANG_WARN_OBJC_IMPLICIT_RETAIN_SELF = YES;
				CLANG_WARN_OBJC_LITERAL_CONVERSION = YES;
				CLANG_WARN_OBJC_ROOT_CLASS = YES_ERROR;
				CLANG_WARN_QUOTED_INCLUDE_IN_FRAMEWORK_HEADER = YES;
				CLANG_WARN_RANGE_LOOP_ANALYSIS = YES;
				CLANG_WARN_STRICT_PROTOTYPES = YES;
				CLANG_WARN_SUSPICIOUS_MOVE = YES;
				CLANG_WARN_UNGUARDED_AVAILABILITY = YES_AGGRESSIVE;
				CLANG_WARN_UNREACHABLE_CODE = YES;
				CLANG_WARN__DUPLICATE_METHOD_MATCH = YES;
				COPY_PHASE_STRIP = NO;
				DEBUG_INFORMATION_FORMAT = "dwarf-with-dsym";
				ENABLE_NS_ASSERTIONS = NO;
				ENABLE_STRICT_OBJC_MSGSEND = YES;
				ENABLE_USER_SCRIPT_SANDBOXING = YES;
				GCC_C_LANGUAGE_STANDARD = gnu17;
				GCC_NO_COMMON_BLOCKS = YES;
				GCC_WARN_64_TO_32_BIT_CONVERSION = YES;
				GCC_WARN_ABOUT_RETURN_TYPE = YES_ERROR;
				GCC_WARN_UNDECLARED_SELECTOR = YES;
				GCC_WARN_UNINITIALIZED_AUTOS = YES_AGGRESSIVE;
				GCC_WARN_UNUSED_FUNCTION = YES;
				GCC_WARN_UNUSED_VARIABLE = YES;
				IPHONEOS_DEPLOYMENT_TARGET = 17.4;
				LOCALIZATION_PREFERS_STRING_CATALOGS = YES;
				MTL_ENABLE_DEBUG_INFO = NO;
				MTL_FAST_MATH = YES;
				SDKROOT = iphoneos;
				SWIFT_COMPILATION_MODE = wholemodule;
				VALIDATE_PRODUCT = YES;
			};
			name = Release;
		};
		F47F397C2BE1300900E7DB95 /* Debug */ = {
			isa = XCBuildConfiguration;
			buildSettings = {
				ASSETCATALOG_COMPILER_APPICON_NAME = AppIcon;
				ASSETCATALOG_COMPILER_GLOBAL_ACCENT_COLOR_NAME = AccentColor;
				CODE_SIGN_STYLE = Automatic;
				CURRENT_PROJECT_VERSION = 1;
				DEVELOPMENT_TEAM = 63JMHD564P;
				GENERATE_INFOPLIST_FILE = YES;
				INFOPLIST_FILE = GHFollowers/Info.plist;
				INFOPLIST_KEY_UIApplicationSupportsIndirectInputEvents = YES;
				INFOPLIST_KEY_UILaunchStoryboardName = LaunchScreen;
				INFOPLIST_KEY_UISupportedInterfaceOrientations = UIInterfaceOrientationPortrait;
				IPHONEOS_DEPLOYMENT_TARGET = 13.0;
				LD_RUNPATH_SEARCH_PATHS = (
					"$(inherited)",
					"@executable_path/Frameworks",
				);
				MARKETING_VERSION = 1.0;
				PRODUCT_BUNDLE_IDENTIFIER = com.aasemhany.GHFollowers;
				PRODUCT_NAME = "$(TARGET_NAME)";
				SUPPORTED_PLATFORMS = "iphoneos iphonesimulator";
				SUPPORTS_MACCATALYST = NO;
				SUPPORTS_MAC_DESIGNED_FOR_IPHONE_IPAD = NO;
				SUPPORTS_XR_DESIGNED_FOR_IPHONE_IPAD = NO;
				SWIFT_EMIT_LOC_STRINGS = YES;
				SWIFT_VERSION = 5.0;
				TARGETED_DEVICE_FAMILY = 1;
			};
			name = Debug;
		};
		F47F397D2BE1300900E7DB95 /* Release */ = {
			isa = XCBuildConfiguration;
			buildSettings = {
				ASSETCATALOG_COMPILER_APPICON_NAME = AppIcon;
				ASSETCATALOG_COMPILER_GLOBAL_ACCENT_COLOR_NAME = AccentColor;
				CODE_SIGN_STYLE = Automatic;
				CURRENT_PROJECT_VERSION = 1;
				DEVELOPMENT_TEAM = 63JMHD564P;
				GENERATE_INFOPLIST_FILE = YES;
				INFOPLIST_FILE = GHFollowers/Info.plist;
				INFOPLIST_KEY_UIApplicationSupportsIndirectInputEvents = YES;
				INFOPLIST_KEY_UILaunchStoryboardName = LaunchScreen;
				INFOPLIST_KEY_UISupportedInterfaceOrientations = UIInterfaceOrientationPortrait;
				IPHONEOS_DEPLOYMENT_TARGET = 13.0;
				LD_RUNPATH_SEARCH_PATHS = (
					"$(inherited)",
					"@executable_path/Frameworks",
				);
				MARKETING_VERSION = 1.0;
				PRODUCT_BUNDLE_IDENTIFIER = com.aasemhany.GHFollowers;
				PRODUCT_NAME = "$(TARGET_NAME)";
				SUPPORTED_PLATFORMS = "iphoneos iphonesimulator";
				SUPPORTS_MACCATALYST = NO;
				SUPPORTS_MAC_DESIGNED_FOR_IPHONE_IPAD = NO;
				SUPPORTS_XR_DESIGNED_FOR_IPHONE_IPAD = NO;
				SWIFT_EMIT_LOC_STRINGS = YES;
				SWIFT_VERSION = 5.0;
				TARGETED_DEVICE_FAMILY = 1;
			};
			name = Release;
		};
/* End XCBuildConfiguration section */

/* Begin XCConfigurationList section */
		F47F39622BE1300800E7DB95 /* Build configuration list for PBXProject "GHFollowers" */ = {
			isa = XCConfigurationList;
			buildConfigurations = (
				F47F39792BE1300900E7DB95 /* Debug */,
				F47F397A2BE1300900E7DB95 /* Release */,
			);
			defaultConfigurationIsVisible = 0;
			defaultConfigurationName = Release;
		};
		F47F397B2BE1300900E7DB95 /* Build configuration list for PBXNativeTarget "GHFollowers" */ = {
			isa = XCConfigurationList;
			buildConfigurations = (
				F47F397C2BE1300900E7DB95 /* Debug */,
				F47F397D2BE1300900E7DB95 /* Release */,
			);
			defaultConfigurationIsVisible = 0;
			defaultConfigurationName = Release;
		};
/* End XCConfigurationList section */
	};
	rootObject = F47F395F2BE1300800E7DB95 /* Project object */;
}
